
Microsoft Visual Studio Solution File, Format Version 12.00
# Visual Studio Version 17
VisualStudioVersion = 17.9.34723.18
MinimumVisualStudioVersion = 10.0.40219.1
Project("{8BC9CEB8-8B4A-11D0-8D11-00A0C91BC942}") = "Core", "Core\Core.vcxproj", "{7629C918-382B-4D40-9CF6-6F65B5080251}"
EndProject
Project("{8BC9CEB8-8B4A-11D0-8D11-00A0C91BC942}") = "Engine", "Engine\Engine.vcxproj", "{E07BF489-43A4-456D-8EC5-6309F72A7713}"
	ProjectSection(ProjectDependencies) = postProject
		{7629C918-382B-4D40-9CF6-6F65B5080251} = {7629C918-382B-4D40-9CF6-6F65B5080251}
	EndProjectSection
EndProject
Project("{FAE04EC0-301F-11D3-BF4B-00C04F79EFBC}") = "ScriptCore", "ScriptCore\ScriptCore.csproj", "{08819774-B59F-4299-B50A-EF633700B961}"
EndProject
Global
	GlobalSection(SolutionConfigurationPlatforms) = preSolution
		Debug|Any CPU = Debug|Any CPU
		Debug|x64 = Debug|x64
		Debug|x86 = Debug|x86
		Installer|Any CPU = Installer|Any CPU
		Installer|x64 = Installer|x64
		Installer|x86 = Installer|x86
		Release|Any CPU = Release|Any CPU
		Release|x64 = Release|x64
		Release|x86 = Release|x86
	EndGlobalSection
	GlobalSection(ProjectConfigurationPlatforms) = postSolution
		{7629C918-382B-4D40-9CF6-6F65B5080251}.Debug|Any CPU.ActiveCfg = Debug|x64
		{7629C918-382B-4D40-9CF6-6F65B5080251}.Debug|Any CPU.Build.0 = Debug|x64
		{7629C918-382B-4D40-9CF6-6F65B5080251}.Debug|x64.ActiveCfg = Debug|x64
		{7629C918-382B-4D40-9CF6-6F65B5080251}.Debug|x64.Build.0 = Debug|x64
		{7629C918-382B-4D40-9CF6-6F65B5080251}.Debug|x86.ActiveCfg = Debug|Win32
		{7629C918-382B-4D40-9CF6-6F65B5080251}.Debug|x86.Build.0 = Debug|Win32
		{7629C918-382B-4D40-9CF6-6F65B5080251}.Installer|Any CPU.ActiveCfg = Installer|x64
		{7629C918-382B-4D40-9CF6-6F65B5080251}.Installer|Any CPU.Build.0 = Installer|x64
		{7629C918-382B-4D40-9CF6-6F65B5080251}.Installer|x64.ActiveCfg = Installer|x64
		{7629C918-382B-4D40-9CF6-6F65B5080251}.Installer|x64.Build.0 = Installer|x64
		{7629C918-382B-4D40-9CF6-6F65B5080251}.Installer|x86.ActiveCfg = Installer|Win32
		{7629C918-382B-4D40-9CF6-6F65B5080251}.Installer|x86.Build.0 = Installer|Win32
		{7629C918-382B-4D40-9CF6-6F65B5080251}.Release|Any CPU.ActiveCfg = Release|x64
		{7629C918-382B-4D40-9CF6-6F65B5080251}.Release|Any CPU.Build.0 = Release|x64
		{7629C918-382B-4D40-9CF6-6F65B5080251}.Release|x64.ActiveCfg = Release|x64
		{7629C918-382B-4D40-9CF6-6F65B5080251}.Release|x64.Build.0 = Release|x64
		{7629C918-382B-4D40-9CF6-6F65B5080251}.Release|x86.ActiveCfg = Release|Win32
		{7629C918-382B-4D40-9CF6-6F65B5080251}.Release|x86.Build.0 = Release|Win32
		{E07BF489-43A4-456D-8EC5-6309F72A7713}.Debug|Any CPU.ActiveCfg = Debug|x64
		{E07BF489-43A4-456D-8EC5-6309F72A7713}.Debug|Any CPU.Build.0 = Debug|x64
		{E07BF489-43A4-456D-8EC5-6309F72A7713}.Debug|x64.ActiveCfg = Debug|x64
		{E07BF489-43A4-456D-8EC5-6309F72A7713}.Debug|x64.Build.0 = Debug|x64
		{E07BF489-43A4-456D-8EC5-6309F72A7713}.Debug|x86.ActiveCfg = Debug|Win32
		{E07BF489-43A4-456D-8EC5-6309F72A7713}.Debug|x86.Build.0 = Debug|Win32
		{E07BF489-43A4-456D-8EC5-6309F72A7713}.Installer|Any CPU.ActiveCfg = Installer|x64
		{E07BF489-43A4-456D-8EC5-6309F72A7713}.Installer|Any CPU.Build.0 = Installer|x64
		{E07BF489-43A4-456D-8EC5-6309F72A7713}.Installer|x64.ActiveCfg = Installer|x64
		{E07BF489-43A4-456D-8EC5-6309F72A7713}.Installer|x64.Build.0 = Installer|x64
		{E07BF489-43A4-456D-8EC5-6309F72A7713}.Installer|x86.ActiveCfg = Installer|Win32
		{E07BF489-43A4-456D-8EC5-6309F72A7713}.Installer|x86.Build.0 = Installer|Win32
		{E07BF489-43A4-456D-8EC5-6309F72A7713}.Release|Any CPU.ActiveCfg = Release|x64
		{E07BF489-43A4-456D-8EC5-6309F72A7713}.Release|Any CPU.Build.0 = Release|x64
		{E07BF489-43A4-456D-8EC5-6309F72A7713}.Release|x64.ActiveCfg = Release|x64
		{E07BF489-43A4-456D-8EC5-6309F72A7713}.Release|x64.Build.0 = Release|x64
		{E07BF489-43A4-456D-8EC5-6309F72A7713}.Release|x86.ActiveCfg = Release|Win32
		{E07BF489-43A4-456D-8EC5-6309F72A7713}.Release|x86.Build.0 = Release|Win32
		{08819774-B59F-4299-B50A-EF633700B961}.Debug|Any CPU.ActiveCfg = Debug|Any CPU
		{08819774-B59F-4299-B50A-EF633700B961}.Debug|Any CPU.Build.0 = Debug|Any CPU
		{08819774-B59F-4299-B50A-EF633700B961}.Debug|x64.ActiveCfg = Debug|Any CPU
		{08819774-B59F-4299-B50A-EF633700B961}.Debug|x64.Build.0 = Debug|Any CPU
		{08819774-B59F-4299-B50A-EF633700B961}.Debug|x86.ActiveCfg = Debug|Any CPU
		{08819774-B59F-4299-B50A-EF633700B961}.Debug|x86.Build.0 = Debug|Any CPU
		{08819774-B59F-4299-B50A-EF633700B961}.Installer|Any CPU.ActiveCfg = Release|Any CPU
		{08819774-B59F-4299-B50A-EF633700B961}.Installer|x64.ActiveCfg = Release|Any CPU
		{08819774-B59F-4299-B50A-EF633700B961}.Installer|x86.ActiveCfg = Release|Any CPU
		{08819774-B59F-4299-B50A-EF633700B961}.Release|Any CPU.ActiveCfg = Release|Any CPU
		{08819774-B59F-4299-B50A-EF633700B961}.Release|Any CPU.Build.0 = Release|Any CPU
		{08819774-B59F-4299-B50A-EF633700B961}.Release|x64.ActiveCfg = Release|Any CPU
		{08819774-B59F-4299-B50A-EF633700B961}.Release|x64.Build.0 = Release|Any CPU
		{08819774-B59F-4299-B50A-EF633700B961}.Release|x86.ActiveCfg = Release|Any CPU
		{08819774-B59F-4299-B50A-EF633700B961}.Release|x86.Build.0 = Release|Any CPU
	EndGlobalSection
	GlobalSection(SolutionProperties) = preSolution
		HideSolutionNode = FALSE
	EndGlobalSection
	GlobalSection(ExtensibilityGlobals) = postSolution
		SolutionGuid = {76C8EA5F-96AA-49CE-AA68-4D8085C1D48A}
	EndGlobalSection
EndGlobal
